<?xml version="1.0" encoding="utf-8"?>
<Project ToolsVersion="4.0" xmlns="http://schemas.microsoft.com/developer/msbuild/2003">
  <ItemGroup>
    <Filter Include="ソース ファイル">
      <UniqueIdentifier>{4FC737F1-C7A5-4376-A066-2A32D752A2FF}</UniqueIdentifier>
      <Extensions>cpp;c;cc;cxx;def;odl;idl;hpj;bat;asm;asmx</Extensions>
    </Filter>
    <Filter Include="ヘッダー ファイル">
      <UniqueIdentifier>{93995380-89BD-4b04-88EB-625FBE52EBFB}</UniqueIdentifier>
      <Extensions>h;hpp;hxx;hm;inl;inc;xsd</Extensions>
    </Filter>
    <Filter Include="リソース ファイル">
      <UniqueIdentifier>{67DA6AB6-F800-4c08-8B7A-83BB121AAD01}</UniqueIdentifier>
      <Extensions>rc;ico;cur;bmp;dlg;rc2;rct;bin;rgs;gif;jpg;jpeg;jpe;resx;tiff;tif;png;wav</Extensions>
    </Filter>
    <Filter Include="シェーダ">
      <UniqueIdentifier>{d0cf1283-67fb-4567-90c8-25a7a005f45c}</UniqueIdentifier>
    </Filter>
    <Filter Include="ソース ファイル\レミングスゲーム部">
      <UniqueIdentifier>{0878ee00-a681-49cc-bf24-769bacd5ab3c}</UniqueIdentifier>
    </Filter>
    <Filter Include="ソース ファイル\基本">
      <UniqueIdentifier>{9ce9b155-2d5e-49e0-92a4-ee764a254f67}</UniqueIdentifier>
    </Filter>
    <Filter Include="ヘッダー ファイル\レミングスゲーム部">
      <UniqueIdentifier>{3307faf8-87b3-4e9f-8b96-36e0661d0d04}</UniqueIdentifier>
    </Filter>
    <Filter Include="ヘッダー ファイル\基本">
      <UniqueIdentifier>{be1edc56-7064-4d59-bf62-95159dde2dfc}</UniqueIdentifier>
    </Filter>
  </ItemGroup>
  <ItemGroup>
    <ClCompile Include="C2DBuffer.cpp">
      <Filter>ソース ファイル\基本</Filter>
    </ClCompile>
    <ClCompile Include="C2DSprite.cpp">
      <Filter>ソース ファイル\基本</Filter>
    </ClCompile>
    <ClCompile Include="CDirectXDevice.cpp">
      <Filter>ソース ファイル\基本</Filter>
    </ClCompile>
    <ClCompile Include="CEffect.cpp">
      <Filter>ソース ファイル\基本</Filter>
    </ClCompile>
    <ClCompile Include="CMainWindow.cpp">
      <Filter>ソース ファイル\基本</Filter>
    </ClCompile>
    <ClCompile Include="CSequenceDummy.cpp">
      <Filter>ソース ファイル\基本</Filter>
    </ClCompile>
    <ClCompile Include="FPSCounter.cpp">
      <Filter>ソース ファイル\基本</Filter>
    </ClCompile>
    <ClCompile Include="main.cpp">
      <Filter>ソース ファイル\基本</Filter>
    </ClCompile>
    <ClCompile Include="WindowManager.cpp">
      <Filter>ソース ファイル\基本</Filter>
    </ClCompile>
    <ClCompile Include="CSequenceTitle.cpp">
      <Filter>ソース ファイル\レミングスゲーム部</Filter>
    </ClCompile>
    <ClCompile Include="CGameStage.cpp">
      <Filter>ソース ファイル\レミングスゲーム部</Filter>
    </ClCompile>
  </ItemGroup>
  <ItemGroup>
    <ClInclude Include="C2DBuffer.h">
      <Filter>ヘッダー ファイル\基本</Filter>
    </ClInclude>
    <ClInclude Include="C2DSprite.h">
      <Filter>ヘッダー ファイル\基本</Filter>
    </ClInclude>
    <ClInclude Include="CD3D9Dev.h">
      <Filter>ヘッダー ファイル\基本</Filter>
    </ClInclude>
    <ClInclude Include="CDebugConsole.h">
      <Filter>ヘッダー ファイル\基本</Filter>
    </ClInclude>
    <ClInclude Include="CDirectXDevice.h">
      <Filter>ヘッダー ファイル\基本</Filter>
    </ClInclude>
    <ClInclude Include="CEffect.h">
      <Filter>ヘッダー ファイル\基本</Filter>
    </ClInclude>
    <ClInclude Include="CMainWindow.h">
      <Filter>ヘッダー ファイル\基本</Filter>
    </ClInclude>
    <ClInclude Include="CSequence.h">
      <Filter>ヘッダー ファイル\基本</Filter>
    </ClInclude>
    <ClInclude Include="CSequenceDummy.h">
      <Filter>ヘッダー ファイル\基本</Filter>
    </ClInclude>
    <ClInclude Include="CState.h">
      <Filter>ヘッダー ファイル\基本</Filter>
    </ClInclude>
    <ClInclude Include="DXTemplateUtility.h">
      <Filter>ヘッダー ファイル\基本</Filter>
    </ClInclude>
    <ClInclude Include="FPSCounter.h">
      <Filter>ヘッダー ファイル\基本</Filter>
    </ClInclude>
    <ClInclude Include="TemplateUtility.h">
      <Filter>ヘッダー ファイル\基本</Filter>
    </ClInclude>
    <ClInclude Include="tRenderingObject.h">
      <Filter>ヘッダー ファイル\基本</Filter>
    </ClInclude>
    <ClInclude Include="WindowManager.h">
      <Filter>ヘッダー ファイル\基本</Filter>
    </ClInclude>
    <ClInclude Include="CSequenceTitle.h">
      <Filter>ヘッダー ファイル\レミングスゲーム部</Filter>
    </ClInclude>
    <ClInclude Include="CSequenceGame.h">
      <Filter>ヘッダー ファイル\レミングスゲーム部</Filter>
    </ClInclude>
    <ClInclude Include="CGameStage.h">
      <Filter>ヘッダー ファイル\レミングスゲーム部</Filter>
    </ClInclude>
    <ClInclude Include="CGameStageBlock.h">
      <Filter>ヘッダー ファイル\レミングスゲーム部</Filter>
    </ClInclude>
  </ItemGroup>
  <ItemGroup>
    <None Include="Shader\sample.fx">
      <Filter>シェーダ</Filter>
    </None>
    <None Include="Shader\buffer.fx">
      <Filter>シェーダ</Filter>
    </None>
  </ItemGroup>
</Project>